// !$*UTF8*$!
{
	archiveVersion = 1;
	classes = {
	};
	objectVersion = 46;
	objects = {

/* Begin PBXBuildFile section */
		87C2BA771501D8EA00499F82 /* Foundation.framework in Frameworks */ = {isa = PBXBuildFile; fileRef = 87C2BA761501D8EA00499F82 /* Foundation.framework */; };
		87C2BA851501D8EA00499F82 /* SenTestingKit.framework in Frameworks */ = {isa = PBXBuildFile; fileRef = 87C2BA841501D8EA00499F82 /* SenTestingKit.framework */; };
		87C2BA871501D8EA00499F82 /* UIKit.framework in Frameworks */ = {isa = PBXBuildFile; fileRef = 87C2BA861501D8EA00499F82 /* UIKit.framework */; };
		87C2BA881501D8EA00499F82 /* Foundation.framework in Frameworks */ = {isa = PBXBuildFile; fileRef = 87C2BA761501D8EA00499F82 /* Foundation.framework */; };
		87C2BA8B1501D8EA00499F82 /* libRPG Framework.a in Frameworks */ = {isa = PBXBuildFile; fileRef = 87C2BA731501D8EA00499F82 /* libRPG Framework.a */; };
		87C2BA911501D8EA00499F82 /* InfoPlist.strings in Resources */ = {isa = PBXBuildFile; fileRef = 87C2BA8F1501D8EA00499F82 /* InfoPlist.strings */; };
		87C2BA941501D8EA00499F82 /* RPG_FrameworkTests.m in Sources */ = {isa = PBXBuildFile; fileRef = 87C2BA931501D8EA00499F82 /* RPG_FrameworkTests.m */; };
/* End PBXBuildFile section */

/* Begin PBXContainerItemProxy section */
		87C2BA891501D8EA00499F82 /* PBXContainerItemProxy */ = {
			isa = PBXContainerItemProxy;
			containerPortal = 87C2BA6A1501D8EA00499F82 /* Project object */;
			proxyType = 1;
			remoteGlobalIDString = 87C2BA721501D8EA00499F82;
			remoteInfo = "RPG Framework";
		};
/* End PBXContainerItemProxy section */

/* Begin PBXFileReference section */
		87907AA1150C13E4009AAB0C /* CRPGAgent.h */ = {isa = PBXFileReference; fileEncoding = 4; lastKnownFileType = sourcecode.c.h; path = CRPGAgent.h; sourceTree = "<group>"; };
		87907AA2150C13E4009AAB0C /* CRPGAgent.m */ = {isa = PBXFileReference; fileEncoding = 4; lastKnownFileType = sourcecode.c.objc; path = CRPGAgent.m; sourceTree = "<group>"; };
		87C2BA731501D8EA00499F82 /* libRPG Framework.a */ = {isa = PBXFileReference; explicitFileType = archive.ar; includeInIndex = 0; path = "libRPG Framework.a"; sourceTree = BUILT_PRODUCTS_DIR; };
		87C2BA761501D8EA00499F82 /* Foundation.framework */ = {isa = PBXFileReference; lastKnownFileType = wrapper.framework; name = Foundation.framework; path = System/Library/Frameworks/Foundation.framework; sourceTree = SDKROOT; };
		87C2BA7A1501D8EA00499F82 /* RPG Framework-Prefix.pch */ = {isa = PBXFileReference; lastKnownFileType = sourcecode.c.h; path = "RPG Framework-Prefix.pch"; sourceTree = "<group>"; };
		87C2BA7B1501D8EA00499F82 /* RPG_Framework.h */ = {isa = PBXFileReference; lastKnownFileType = sourcecode.c.h; path = RPG_Framework.h; sourceTree = "<group>"; };
		87C2BA7C1501D8EA00499F82 /* RPG_Framework.m */ = {isa = PBXFileReference; lastKnownFileType = sourcecode.c.objc; path = RPG_Framework.m; sourceTree = "<group>"; };
		87C2BA831501D8EA00499F82 /* RPG FrameworkTests.octest */ = {isa = PBXFileReference; explicitFileType = wrapper.cfbundle; includeInIndex = 0; path = "RPG FrameworkTests.octest"; sourceTree = BUILT_PRODUCTS_DIR; };
		87C2BA841501D8EA00499F82 /* SenTestingKit.framework */ = {isa = PBXFileReference; lastKnownFileType = wrapper.framework; name = SenTestingKit.framework; path = Library/Frameworks/SenTestingKit.framework; sourceTree = DEVELOPER_DIR; };
		87C2BA861501D8EA00499F82 /* UIKit.framework */ = {isa = PBXFileReference; lastKnownFileType = wrapper.framework; name = UIKit.framework; path = Library/Frameworks/UIKit.framework; sourceTree = DEVELOPER_DIR; };
		87C2BA8E1501D8EA00499F82 /* RPG FrameworkTests-Info.plist */ = {isa = PBXFileReference; lastKnownFileType = text.plist.xml; path = "RPG FrameworkTests-Info.plist"; sourceTree = "<group>"; };
		87C2BA901501D8EA00499F82 /* en */ = {isa = PBXFileReference; lastKnownFileType = text.plist.strings; name = en; path = en.lproj/InfoPlist.strings; sourceTree = "<group>"; };
		87C2BA921501D8EA00499F82 /* RPG_FrameworkTests.h */ = {isa = PBXFileReference; lastKnownFileType = sourcecode.c.h; path = RPG_FrameworkTests.h; sourceTree = "<group>"; };
		87C2BA931501D8EA00499F82 /* RPG_FrameworkTests.m */ = {isa = PBXFileReference; lastKnownFileType = sourcecode.c.objc; path = RPG_FrameworkTests.m; sourceTree = "<group>"; };
		87C2BAB51501DB2200499F82 /* CRPGBattleEvent.h */ = {isa = PBXFileReference; fileEncoding = 4; lastKnownFileType = sourcecode.c.h; path = CRPGBattleEvent.h; sourceTree = "<group>"; };
		87C2BABA1501DD3600499F82 /* RPRGItem.h */ = {isa = PBXFileReference; fileEncoding = 4; lastKnownFileType = sourcecode.c.h; path = RPRGItem.h; sourceTree = "<group>"; };
		87C2BABB1501DD3600499F82 /* PRPGMultiplayerBattle.h */ = {isa = PBXFileReference; fileEncoding = 4; lastKnownFileType = sourcecode.c.h; path = PRPGMultiplayerBattle.h; sourceTree = "<group>"; };
		87C2BABC1501DD3600499F82 /* PRPGConstruction.h */ = {isa = PBXFileReference; fileEncoding = 4; lastKnownFileType = sourcecode.c.h; path = PRPGConstruction.h; sourceTree = "<group>"; };
		87C2BABD1501DD3600499F82 /* PRPGCharacterType.h */ = {isa = PBXFileReference; fileEncoding = 4; lastKnownFileType = sourcecode.c.h; path = PRPGCharacterType.h; sourceTree = "<group>"; };
		87C2BABE1501DD3600499F82 /* PRPGCharacter.h */ = {isa = PBXFileReference; fileEncoding = 4; lastKnownFileType = sourcecode.c.h; path = PRPGCharacter.h; sourceTree = "<group>"; };
		87C2BABF1501DD3600499F82 /* PRPGBattle.h */ = {isa = PBXFileReference; fileEncoding = 4; lastKnownFileType = sourcecode.c.h; path = PRPGBattle.h; sourceTree = "<group>"; };
		87C2BAC01501DD3600499F82 /* PRPGAgentType.h */ = {isa = PBXFileReference; fileEncoding = 4; lastKnownFileType = sourcecode.c.h; path = PRPGAgentType.h; sourceTree = "<group>"; };
		87C2BAC11501DD3600499F82 /* PRPGAgentMoveType.h */ = {isa = PBXFileReference; fileEncoding = 4; lastKnownFileType = sourcecode.c.h; path = PRPGAgentMoveType.h; sourceTree = "<group>"; };
		87C2BAC21501DD3600499F82 /* PRPGAgentMove.h */ = {isa = PBXFileReference; fileEncoding = 4; lastKnownFileType = sourcecode.c.h; path = PRPGAgentMove.h; sourceTree = "<group>"; };
		87C2BAC31501DD3600499F82 /* PRPGAgentEvolutionRule.h */ = {isa = PBXFileReference; fileEncoding = 4; lastKnownFileType = sourcecode.c.h; path = PRPGAgentEvolutionRule.h; sourceTree = "<group>"; };
		87C2BAC41501DD3600499F82 /* PRPGAgent.h */ = {isa = PBXFileReference; fileEncoding = 4; lastKnownFileType = sourcecode.c.h; path = PRPGAgent.h; sourceTree = "<group>"; };
/* End PBXFileReference section */

/* Begin PBXFrameworksBuildPhase section */
		87C2BA701501D8EA00499F82 /* Frameworks */ = {
			isa = PBXFrameworksBuildPhase;
			buildActionMask = 2147483647;
			files = (
				87C2BA771501D8EA00499F82 /* Foundation.framework in Frameworks */,
			);
			runOnlyForDeploymentPostprocessing = 0;
		};
		87C2BA7F1501D8EA00499F82 /* Frameworks */ = {
			isa = PBXFrameworksBuildPhase;
			buildActionMask = 2147483647;
			files = (
				87C2BA851501D8EA00499F82 /* SenTestingKit.framework in Frameworks */,
				87C2BA871501D8EA00499F82 /* UIKit.framework in Frameworks */,
				87C2BA881501D8EA00499F82 /* Foundation.framework in Frameworks */,
				87C2BA8B1501D8EA00499F82 /* libRPG Framework.a in Frameworks */,
			);
			runOnlyForDeploymentPostprocessing = 0;
		};
/* End PBXFrameworksBuildPhase section */

/* Begin PBXGroup section */
		87C2BA681501D8EA00499F82 = {
			isa = PBXGroup;
			children = (
				87C2BA781501D8EA00499F82 /* RPG Framework */,
				87C2BA8C1501D8EA00499F82 /* RPG FrameworkTests */,
				87C2BA751501D8EA00499F82 /* Frameworks */,
				87C2BA741501D8EA00499F82 /* Products */,
			);
			sourceTree = "<group>";
		};
		87C2BA741501D8EA00499F82 /* Products */ = {
			isa = PBXGroup;
			children = (
				87C2BA731501D8EA00499F82 /* libRPG Framework.a */,
				87C2BA831501D8EA00499F82 /* RPG FrameworkTests.octest */,
			);
			name = Products;
			sourceTree = "<group>";
		};
		87C2BA751501D8EA00499F82 /* Frameworks */ = {
			isa = PBXGroup;
			children = (
				87C2BA761501D8EA00499F82 /* Foundation.framework */,
				87C2BA841501D8EA00499F82 /* SenTestingKit.framework */,
				87C2BA861501D8EA00499F82 /* UIKit.framework */,
			);
			name = Frameworks;
			sourceTree = "<group>";
		};
		87C2BA781501D8EA00499F82 /* RPG Framework */ = {
			isa = PBXGroup;
			children = (
				87C2BAB71501DBD300499F82 /* Battle */,
				87C2BAB31501DACE00499F82 /* Agent */,
				87C2BAB41501DADB00499F82 /* Character */,
				87C2BAB91501DBEF00499F82 /* Construction */,
				87C2BAB81501DBE600499F82 /* Item */,
				87C2BA7B1501D8EA00499F82 /* RPG_Framework.h */,
				87C2BA7C1501D8EA00499F82 /* RPG_Framework.m */,
				87C2BA791501D8EA00499F82 /* Supporting Files */,
			);
			path = "RPG Framework";
			sourceTree = "<group>";
		};
		87C2BA791501D8EA00499F82 /* Supporting Files */ = {
			isa = PBXGroup;
			children = (
				87C2BA7A1501D8EA00499F82 /* RPG Framework-Prefix.pch */,
			);
			name = "Supporting Files";
			sourceTree = "<group>";
		};
		87C2BA8C1501D8EA00499F82 /* RPG FrameworkTests */ = {
			isa = PBXGroup;
			children = (
				87C2BA921501D8EA00499F82 /* RPG_FrameworkTests.h */,
				87C2BA931501D8EA00499F82 /* RPG_FrameworkTests.m */,
				87C2BA8D1501D8EA00499F82 /* Supporting Files */,
			);
			path = "RPG FrameworkTests";
			sourceTree = "<group>";
		};
		87C2BA8D1501D8EA00499F82 /* Supporting Files */ = {
			isa = PBXGroup;
			children = (
				87C2BA8E1501D8EA00499F82 /* RPG FrameworkTests-Info.plist */,
				87C2BA8F1501D8EA00499F82 /* InfoPlist.strings */,
			);
			name = "Supporting Files";
			sourceTree = "<group>";
		};
		87C2BAB31501DACE00499F82 /* Agent */ = {
			isa = PBXGroup;
			children = (
				87C2BAC01501DD3600499F82 /* PRPGAgentType.h */,
				87C2BAC11501DD3600499F82 /* PRPGAgentMoveType.h */,
				87C2BAC21501DD3600499F82 /* PRPGAgentMove.h */,
				87C2BAC31501DD3600499F82 /* PRPGAgentEvolutionRule.h */,
				87C2BAC41501DD3600499F82 /* PRPGAgent.h */,
				87907AA1150C13E4009AAB0C /* CRPGAgent.h */,
				87907AA2150C13E4009AAB0C /* CRPGAgent.m */,
			);
			name = Agent;
			sourceTree = "<group>";
		};
		87C2BAB41501DADB00499F82 /* Character */ = {
			isa = PBXGroup;
			children = (
				87C2BABD1501DD3600499F82 /* PRPGCharacterType.h */,
				87C2BABE1501DD3600499F82 /* PRPGCharacter.h */,
			);
			name = Character;
			sourceTree = "<group>";
		};
		87C2BAB71501DBD300499F82 /* Battle */ = {
			isa = PBXGroup;
			children = (
				87C2BABF1501DD3600499F82 /* PRPGBattle.h */,
				87C2BABB1501DD3600499F82 /* PRPGMultiplayerBattle.h */,
				87C2BAB51501DB2200499F82 /* CRPGBattleEvent.h */,
			);
			name = Battle;
			sourceTree = "<group>";
		};
		87C2BAB81501DBE600499F82 /* Item */ = {
			isa = PBXGroup;
			children = (
				87C2BABA1501DD3600499F82 /* RPRGItem.h */,
			);
			name = Item;
			sourceTree = "<group>";
		};
		87C2BAB91501DBEF00499F82 /* Construction */ = {
			isa = PBXGroup;
			children = (
				87C2BABC1501DD3600499F82 /* PRPGConstruction.h */,
			);
			name = Construction;
			sourceTree = "<group>";
		};
/* End PBXGroup section */

/* Begin PBXHeadersBuildPhase section */
		87C2BA711501D8EA00499F82 /* Headers */ = {
			isa = PBXHeadersBuildPhase;
			buildActionMask = 2147483647;
			files = (
			);
			runOnlyForDeploymentPostprocessing = 0;
		};
/* End PBXHeadersBuildPhase section */

/* Begin PBXNativeTarget section */
		87C2BA721501D8EA00499F82 /* RPG Framework */ = {
			isa = PBXNativeTarget;
			buildConfigurationList = 87C2BA971501D8EA00499F82 /* Build configuration list for PBXNativeTarget "RPG Framework" */;
			buildPhases = (
				87C2BA6F1501D8EA00499F82 /* Sources */,
				87C2BA701501D8EA00499F82 /* Frameworks */,
				87C2BA711501D8EA00499F82 /* Headers */,
			);
			buildRules = (
			);
			dependencies = (
			);
			name = "RPG Framework";
			productName = "RPG Framework";
			productReference = 87C2BA731501D8EA00499F82 /* libRPG Framework.a */;
			productType = "com.apple.product-type.library.static";
		};
		87C2BA821501D8EA00499F82 /* RPG FrameworkTests */ = {
			isa = PBXNativeTarget;
			buildConfigurationList = 87C2BA9A1501D8EA00499F82 /* Build configuration list for PBXNativeTarget "RPG FrameworkTests" */;
			buildPhases = (
				87C2BA7E1501D8EA00499F82 /* Sources */,
				87C2BA7F1501D8EA00499F82 /* Frameworks */,
				87C2BA801501D8EA00499F82 /* Resources */,
				87C2BA811501D8EA00499F82 /* ShellScript */,
			);
			buildRules = (
			);
			dependencies = (
				87C2BA8A1501D8EA00499F82 /* PBXTargetDependency */,
			);
			name = "RPG FrameworkTests";
			productName = "RPG FrameworkTests";
			productReference = 87C2BA831501D8EA00499F82 /* RPG FrameworkTests.octest */;
			productType = "com.apple.product-type.bundle";
		};
/* End PBXNativeTarget section */

/* Begin PBXProject section */
		87C2BA6A1501D8EA00499F82 /* Project object */ = {
			isa = PBXProject;
			attributes = {
				LastUpgradeCheck = 0420;
				ORGANIZATIONNAME = "Inlingua Vancouver Granville";
			};
			buildConfigurationList = 87C2BA6D1501D8EA00499F82 /* Build configuration list for PBXProject "RPG Framework" */;
			compatibilityVersion = "Xcode 3.2";
			developmentRegion = English;
			hasScannedForEncodings = 0;
			knownRegions = (
				en,
			);
			mainGroup = 87C2BA681501D8EA00499F82;
			productRefGroup = 87C2BA741501D8EA00499F82 /* Products */;
			projectDirPath = "";
			projectRoot = "";
			targets = (
				87C2BA721501D8EA00499F82 /* RPG Framework */,
				87C2BA821501D8EA00499F82 /* RPG FrameworkTests */,
			);
		};
/* End PBXProject section */

/* Begin PBXResourcesBuildPhase section */
		87C2BA801501D8EA00499F82 /* Resources */ = {
			isa = PBXResourcesBuildPhase;
			buildActionMask = 2147483647;
			files = (
				87C2BA911501D8EA00499F82 /* InfoPlist.strings in Resources */,
			);
			runOnlyForDeploymentPostprocessing = 0;
		};
/* End PBXResourcesBuildPhase section */

/* Begin PBXShellScriptBuildPhase section */
		87C2BA811501D8EA00499F82 /* ShellScript */ = {
			isa = PBXShellScriptBuildPhase;
			buildActionMask = 2147483647;
			files = (
			);
			inputPaths = (
			);
			outputPaths = (
			);
			runOnlyForDeploymentPostprocessing = 0;
			shellPath = /bin/sh;
			shellScript = "# Run the unit tests in this test bundle.\n\"${SYSTEM_DEVELOPER_DIR}/Tools/RunUnitTests\"\n";
		};
/* End PBXShellScriptBuildPhase section */

/* Begin PBXSourcesBuildPhase section */
		87C2BA6F1501D8EA00499F82 /* Sources */ = {
			isa = PBXSourcesBuildPhase;
			buildActionMask = 2147483647;
			files = (
			);
			runOnlyForDeploymentPostprocessing = 0;
		};
		87C2BA7E1501D8EA00499F82 /* Sources */ = {
			isa = PBXSourcesBuildPhase;
			buildActionMask = 2147483647;
			files = (
				87C2BA941501D8EA00499F82 /* RPG_FrameworkTests.m in Sources */,
			);
			runOnlyForDeploymentPostprocessing = 0;
		};
/* End PBXSourcesBuildPhase section */

/* Begin PBXTargetDependency section */
		87C2BA8A1501D8EA00499F82 /* PBXTargetDependency */ = {
			isa = PBXTargetDependency;
			target = 87C2BA721501D8EA00499F82 /* RPG Framework */;
			targetProxy = 87C2BA891501D8EA00499F82 /* PBXContainerItemProxy */;
		};
/* End PBXTargetDependency section */

/* Begin PBXVariantGroup section */
		87C2BA8F1501D8EA00499F82 /* InfoPlist.strings */ = {
			isa = PBXVariantGroup;
			children = (
				87C2BA901501D8EA00499F82 /* en */,
			);
			name = InfoPlist.strings;
			sourceTree = "<group>";
		};
/* End PBXVariantGroup section */

/* Begin XCBuildConfiguration section */
		87C2BA951501D8EA00499F82 /* Debug */ = {
			isa = XCBuildConfiguration;
			buildSettings = {
				ALWAYS_SEARCH_USER_PATHS = NO;
				ARCHS = "$(ARCHS_STANDARD_32_BIT)";
				CLANG_ENABLE_OBJC_ARC = YES;
				COPY_PHASE_STRIP = NO;
				GCC_C_LANGUAGE_STANDARD = gnu99;
				GCC_DYNAMIC_NO_PIC = NO;
				GCC_OPTIMIZATION_LEVEL = 0;
				GCC_PREPROCESSOR_DEFINITIONS = (
					"DEBUG=1",
					"$(inherited)",
				);
				GCC_SYMBOLS_PRIVATE_EXTERN = NO;
				GCC_VERSION = com.apple.compilers.llvm.clang.1_0;
				GCC_WARN_ABOUT_MISSING_PROTOTYPES = YES;
				GCC_WARN_ABOUT_RETURN_TYPE = YES;
				GCC_WARN_UNUSED_VARIABLE = YES;
				IPHONEOS_DEPLOYMENT_TARGET = 5.0;
				SDKROOT = iphoneos;
			};
			name = Debug;
		};
		87C2BA961501D8EA00499F82 /* Release */ = {
			isa = XCBuildConfiguration;
			buildSettings = {
				ALWAYS_SEARCH_USER_PATHS = NO;
				ARCHS = "$(ARCHS_STANDARD_32_BIT)";
				CLANG_ENABLE_OBJC_ARC = YES;
				COPY_PHASE_STRIP = YES;
				GCC_C_LANGUAGE_STANDARD = gnu99;
				GCC_VERSION = com.apple.compilers.llvm.clang.1_0;
				GCC_WARN_ABOUT_MISSING_PROTOTYPES = YES;
				GCC_WARN_ABOUT_RETURN_TYPE = YES;
				GCC_WARN_UNUSED_VARIABLE = YES;
				IPHONEOS_DEPLOYMENT_TARGET = 5.0;
				SDKROOT = iphoneos;
				VALIDATE_PRODUCT = YES;
			};
			name = Release;
		};
		87C2BA981501D8EA00499F82 /* Debug */ = {
			isa = XCBuildConfiguration;
			buildSettings = {
				DSTROOT = /tmp/RPG_Framework.dst;
				GCC_PRECOMPILE_PREFIX_HEADER = YES;
				GCC_PREFIX_HEADER = "RPG Framework/RPG Framework-Prefix.pch";
				OTHER_LDFLAGS = "-ObjC";
				PRODUCT_NAME = "$(TARGET_NAME)";
				SKIP_INSTALL = YES;
			};
			name = Debug;
		};
		87C2BA991501D8EA00499F82 /* Release */ = {
			isa = XCBuildConfiguration;
			buildSettings = {
				DSTROOT = /tmp/RPG_Framework.dst;
				GCC_PRECOMPILE_PREFIX_HEADER = YES;
				GCC_PREFIX_HEADER = "RPG Framework/RPG Framework-Prefix.pch";
				OTHER_LDFLAGS = "-ObjC";
				PRODUCT_NAME = "$(TARGET_NAME)";
				SKIP_INSTALL = YES;
			};
			name = Release;
		};
		87C2BA9B1501D8EA00499F82 /* Debug */ = {
			isa = XCBuildConfiguration;
			buildSettings = {
				FRAMEWORK_SEARCH_PATHS = (
					"$(SDKROOT)/Developer/Library/Frameworks",
					"$(DEVELOPER_LIBRARY_DIR)/Frameworks",
				);
				GCC_PRECOMPILE_PREFIX_HEADER = YES;
				GCC_PREFIX_HEADER = "RPG Framework/RPG Framework-Prefix.pch";
				INFOPLIST_FILE = "RPG FrameworkTests/RPG FrameworkTests-Info.plist";
				PRODUCT_NAME = "$(TARGET_NAME)";
				WRAPPER_EXTENSION = octest;
			};
			name = Debug;
		};
		87C2BA9C1501D8EA00499F82 /* Release */ = {
			isa = XCBuildConfiguration;
			buildSettings = {
				FRAMEWORK_SEARCH_PATHS = (
					"$(SDKROOT)/Developer/Library/Frameworks",
					"$(DEVELOPER_LIBRARY_DIR)/Frameworks",
				);
				GCC_PRECOMPILE_PREFIX_HEADER = YES;
				GCC_PREFIX_HEADER = "RPG Framework/RPG Framework-Prefix.pch";
				INFOPLIST_FILE = "RPG FrameworkTests/RPG FrameworkTests-Info.plist";
				PRODUCT_NAME = "$(TARGET_NAME)";
				WRAPPER_EXTENSION = octest;
			};
			name = Release;
		};
/* End XCBuildConfiguration section */

/* Begin XCConfigurationList section */
		87C2BA6D1501D8EA00499F82 /* Build configuration list for PBXProject "RPG Framework" */ = {
			isa = XCConfigurationList;
			buildConfigurations = (
				87C2BA951501D8EA00499F82 /* Debug */,
				87C2BA961501D8EA00499F82 /* Release */,
			);
			defaultConfigurationIsVisible = 0;
			defaultConfigurationName = Release;
		};
		87C2BA971501D8EA00499F82 /* Build configuration list for PBXNativeTarget "RPG Framework" */ = {
			isa = XCConfigurationList;
			buildConfigurations = (
				87C2BA981501D8EA00499F82 /* Debug */,
				87C2BA991501D8EA00499F82 /* Release */,
			);
			defaultConfigurationIsVisible = 0;
			defaultConfigurationName = Release;
		};
		87C2BA9A1501D8EA00499F82 /* Build configuration list for PBXNativeTarget "RPG FrameworkTests" */ = {
			isa = XCConfigurationList;
			buildConfigurations = (
				87C2BA9B1501D8EA00499F82 /* Debug */,
				87C2BA9C1501D8EA00499F82 /* Release */,
			);
			defaultConfigurationIsVisible = 0;
			defaultConfigurationName = Release;
		};
/* End XCConfigurationList section */
	};
	rootObject = 87C2BA6A1501D8EA00499F82 /* Project object */;
}
